
Microsoft Visual Studio Solution File, Format Version 12.00
# Visual Studio Version 17
VisualStudioVersion = 17.10.34928.147
MinimumVisualStudioVersion = 10.0.40219.1
Project("{9A19103F-16F7-4668-BE54-9A1E7A4F7556}") = "BLL", "BLL\BLL.csproj", "{310292C4-A5AD-41AB-9D72-A3C25AC3782D}"
EndProject
Project("{9A19103F-16F7-4668-BE54-9A1E7A4F7556}") = "DAL", "DAL\DAL.csproj", "{8C2AFA9B-9AA5-4C06-965F-56E7B4A38A2B}"
EndProject
Project("{9A19103F-16F7-4668-BE54-9A1E7A4F7556}") = "API", "API\API.csproj", "{032E47A3-A2E2-4726-A328-E17ABA69C337}"
EndProject
Project("{FAE04EC0-301F-11D3-BF4B-00C04F79EFBC}") = "Common", "Common\Common.csproj", "{97145309-B840-4AE5-BE8C-097ED64EE28B}"
EndProject
Global
	GlobalSection(SolutionConfigurationPlatforms) = preSolution
		Debug|Any CPU = Debug|Any CPU
		Release|Any CPU = Release|Any CPU
	EndGlobalSection
	GlobalSection(ProjectConfigurationPlatforms) = postSolution
		{310292C4-A5AD-41AB-9D72-A3C25AC3782D}.Debug|Any CPU.ActiveCfg = Debug|Any CPU
		{310292C4-A5AD-41AB-9D72-A3C25AC3782D}.Debug|Any CPU.Build.0 = Debug|Any CPU
		{310292C4-A5AD-41AB-9D72-A3C25AC3782D}.Release|Any CPU.ActiveCfg = Release|Any CPU
		{310292C4-A5AD-41AB-9D72-A3C25AC3782D}.Release|Any CPU.Build.0 = Release|Any CPU
		{8C2AFA9B-9AA5-4C06-965F-56E7B4A38A2B}.Debug|Any CPU.ActiveCfg = Debug|Any CPU
		{8C2AFA9B-9AA5-4C06-965F-56E7B4A38A2B}.Debug|Any CPU.Build.0 = Debug|Any CPU
		{8C2AFA9B-9AA5-4C06-965F-56E7B4A38A2B}.Release|Any CPU.ActiveCfg = Release|Any CPU
		{8C2AFA9B-9AA5-4C06-965F-56E7B4A38A2B}.Release|Any CPU.Build.0 = Release|Any CPU
		{032E47A3-A2E2-4726-A328-E17ABA69C337}.Debug|Any CPU.ActiveCfg = Debug|Any CPU
		{032E47A3-A2E2-4726-A328-E17ABA69C337}.Debug|Any CPU.Build.0 = Debug|Any CPU
		{032E47A3-A2E2-4726-A328-E17ABA69C337}.Release|Any CPU.ActiveCfg = Release|Any CPU
		{032E47A3-A2E2-4726-A328-E17ABA69C337}.Release|Any CPU.Build.0 = Release|Any CPU
		{97145309-B840-4AE5-BE8C-097ED64EE28B}.Debug|Any CPU.ActiveCfg = Debug|Any CPU
		{97145309-B840-4AE5-BE8C-097ED64EE28B}.Debug|Any CPU.Build.0 = Debug|Any CPU
		{97145309-B840-4AE5-BE8C-097ED64EE28B}.Release|Any CPU.ActiveCfg = Release|Any CPU
		{97145309-B840-4AE5-BE8C-097ED64EE28B}.Release|Any CPU.Build.0 = Release|Any CPU
	EndGlobalSection
	GlobalSection(SolutionProperties) = preSolution
		HideSolutionNode = FALSE
	EndGlobalSection
	GlobalSection(ExtensibilityGlobals) = postSolution
		SolutionGuid = {368B7041-2FAE-4FD8-BCF7-C7C2640ECCD3}
	EndGlobalSection
EndGlobal
